
Microsoft Visual Studio Solution File, Format Version 12.00
# Visual Studio Version 17
VisualStudioVersion = 17.14.36301.6 d17.14
MinimumVisualStudioVersion = 10.0.40219.1
Project("{FAE04EC0-301F-11D3-BF4B-00C04F79EFBC}") = "ActionFilterImplementation", "ActionFilterImplementation\ActionFilterImplementation.csproj", "{4A5191AC-F7E1-4640-86AD-9504D5782486}"
EndProject
Global
	GlobalSection(SolutionConfigurationPlatforms) = preSolution
		Debug|Any CPU = Debug|Any CPU
		Release|Any CPU = Release|Any CPU
	EndGlobalSection
	GlobalSection(ProjectConfigurationPlatforms) = postSolution
		{4A5191AC-F7E1-4640-86AD-9504D5782486}.Debug|Any CPU.ActiveCfg = Debug|Any CPU
		{4A5191AC-F7E1-4640-86AD-9504D5782486}.Debug|Any CPU.Build.0 = Debug|Any CPU
		{4A5191AC-F7E1-4640-86AD-9504D5782486}.Release|Any CPU.ActiveCfg = Release|Any CPU
		{4A5191AC-F7E1-4640-86AD-9504D5782486}.Release|Any CPU.Build.0 = Release|Any CPU
	EndGlobalSection
	GlobalSection(SolutionProperties) = preSolution
		HideSolutionNode = FALSE
	EndGlobalSection
	GlobalSection(ExtensibilityGlobals) = postSolution
		SolutionGuid = {3A839771-10BA-4838-BE09-5501C05F85E5}
	EndGlobalSection
EndGlobal
